
Microsoft Visual Studio Solution File, Format Version 12.00
# Visual Studio Version 17
VisualStudioVersion = 17.3.32819.101
MinimumVisualStudioVersion = 10.0.40219.1
Project("{FAE04EC0-301F-11D3-BF4B-00C04F79EFBC}") = "WebsiteDatSan", "WebsiteDatSan\WebsiteDatSan.csproj", "{11E9F041-55A4-41E6-8F3B-C0D999DC4389}"
EndProject
Global
	GlobalSection(SolutionConfigurationPlatforms) = preSolution
		Debug|Any CPU = Debug|Any CPU
		Release|Any CPU = Release|Any CPU
	EndGlobalSection
	GlobalSection(ProjectConfigurationPlatforms) = postSolution
		{11E9F041-55A4-41E6-8F3B-C0D999DC4389}.Debug|Any CPU.ActiveCfg = Debug|Any CPU
		{11E9F041-55A4-41E6-8F3B-C0D999DC4389}.Debug|Any CPU.Build.0 = Debug|Any CPU
		{11E9F041-55A4-41E6-8F3B-C0D999DC4389}.Release|Any CPU.ActiveCfg = Release|Any CPU
		{11E9F041-55A4-41E6-8F3B-C0D999DC4389}.Release|Any CPU.Build.0 = Release|Any CPU
	EndGlobalSection
	GlobalSection(SolutionProperties) = preSolution
		HideSolutionNode = FALSE
	EndGlobalSection
	GlobalSection(ExtensibilityGlobals) = postSolution
		SolutionGuid = {D43AE3C4-4221-478E-AE5F-9E06A4FB865F}
	EndGlobalSection
EndGlobal
